
Microsoft Visual Studio Solution File, Format Version 12.00
# Visual Studio 2013
VisualStudioVersion = 12.0.40629.0
MinimumVisualStudioVersion = 10.0.40219.1
Project("{FAE04EC0-301F-11D3-BF4B-00C04F79EFBC}") = "MandCo.Applications.ws1160", "Despatch SLA Report (ws1160)\MandCo.Applications.ws1160.csproj", "{4D2538C0-8305-4E29-A968-03B3B3FA4131}"
EndProject
Project("{FAE04EC0-301F-11D3-BF4B-00C04F79EFBC}") = "MandCo.Data", "F:\dev\MCO\Lib\MCO.Data\MandCo.Data.csproj", "{B2E29057-6D25-425F-AE37-C54A5B9EA271}"
EndProject
Project("{FAE04EC0-301F-11D3-BF4B-00C04F79EFBC}") = "MandCo.Data.ws1160", "MandCo.Data.ws1160\MandCo.Data.ws1160.csproj", "{4CE21520-34DC-433D-965B-D103B9E2D5A7}"
EndProject
Project("{FAE04EC0-301F-11D3-BF4B-00C04F79EFBC}") = "MandCo.Service.ws1160", "MandCo.Service.ws1160\MandCo.Service.ws1160.csproj", "{BD237694-6368-426D-AD30-4781D38CD634}"
EndProject
Global
	GlobalSection(SolutionConfigurationPlatforms) = preSolution
		Debug|Any CPU = Debug|Any CPU
		QA|Any CPU = QA|Any CPU
		Release|Any CPU = Release|Any CPU
		Test|Any CPU = Test|Any CPU
	EndGlobalSection
	GlobalSection(ProjectConfigurationPlatforms) = postSolution
		{4D2538C0-8305-4E29-A968-03B3B3FA4131}.Debug|Any CPU.ActiveCfg = Debug|Any CPU
		{4D2538C0-8305-4E29-A968-03B3B3FA4131}.Debug|Any CPU.Build.0 = Debug|Any CPU
		{4D2538C0-8305-4E29-A968-03B3B3FA4131}.QA|Any CPU.ActiveCfg = QA|Any CPU
		{4D2538C0-8305-4E29-A968-03B3B3FA4131}.QA|Any CPU.Build.0 = QA|Any CPU
		{4D2538C0-8305-4E29-A968-03B3B3FA4131}.Release|Any CPU.ActiveCfg = Release|Any CPU
		{4D2538C0-8305-4E29-A968-03B3B3FA4131}.Release|Any CPU.Build.0 = Release|Any CPU
		{4D2538C0-8305-4E29-A968-03B3B3FA4131}.Test|Any CPU.ActiveCfg = Test|Any CPU
		{4D2538C0-8305-4E29-A968-03B3B3FA4131}.Test|Any CPU.Build.0 = Test|Any CPU
		{B2E29057-6D25-425F-AE37-C54A5B9EA271}.Debug|Any CPU.ActiveCfg = Debug|Any CPU
		{B2E29057-6D25-425F-AE37-C54A5B9EA271}.Debug|Any CPU.Build.0 = Debug|Any CPU
		{B2E29057-6D25-425F-AE37-C54A5B9EA271}.QA|Any CPU.ActiveCfg = QA|Any CPU
		{B2E29057-6D25-425F-AE37-C54A5B9EA271}.QA|Any CPU.Build.0 = QA|Any CPU
		{B2E29057-6D25-425F-AE37-C54A5B9EA271}.Release|Any CPU.ActiveCfg = Release|Any CPU
		{B2E29057-6D25-425F-AE37-C54A5B9EA271}.Release|Any CPU.Build.0 = Release|Any CPU
		{B2E29057-6D25-425F-AE37-C54A5B9EA271}.Test|Any CPU.ActiveCfg = Test|Any CPU
		{B2E29057-6D25-425F-AE37-C54A5B9EA271}.Test|Any CPU.Build.0 = Test|Any CPU
		{4CE21520-34DC-433D-965B-D103B9E2D5A7}.Debug|Any CPU.ActiveCfg = Debug|Any CPU
		{4CE21520-34DC-433D-965B-D103B9E2D5A7}.Debug|Any CPU.Build.0 = Debug|Any CPU
		{4CE21520-34DC-433D-965B-D103B9E2D5A7}.QA|Any CPU.ActiveCfg = Release|Any CPU
		{4CE21520-34DC-433D-965B-D103B9E2D5A7}.QA|Any CPU.Build.0 = Release|Any CPU
		{4CE21520-34DC-433D-965B-D103B9E2D5A7}.Release|Any CPU.ActiveCfg = Release|Any CPU
		{4CE21520-34DC-433D-965B-D103B9E2D5A7}.Release|Any CPU.Build.0 = Release|Any CPU
		{4CE21520-34DC-433D-965B-D103B9E2D5A7}.Test|Any CPU.ActiveCfg = Release|Any CPU
		{4CE21520-34DC-433D-965B-D103B9E2D5A7}.Test|Any CPU.Build.0 = Release|Any CPU
		{BD237694-6368-426D-AD30-4781D38CD634}.Debug|Any CPU.ActiveCfg = Debug|Any CPU
		{BD237694-6368-426D-AD30-4781D38CD634}.Debug|Any CPU.Build.0 = Debug|Any CPU
		{BD237694-6368-426D-AD30-4781D38CD634}.QA|Any CPU.ActiveCfg = Release|Any CPU
		{BD237694-6368-426D-AD30-4781D38CD634}.QA|Any CPU.Build.0 = Release|Any CPU
		{BD237694-6368-426D-AD30-4781D38CD634}.Release|Any CPU.ActiveCfg = Release|Any CPU
		{BD237694-6368-426D-AD30-4781D38CD634}.Release|Any CPU.Build.0 = Release|Any CPU
		{BD237694-6368-426D-AD30-4781D38CD634}.Test|Any CPU.ActiveCfg = Release|Any CPU
		{BD237694-6368-426D-AD30-4781D38CD634}.Test|Any CPU.Build.0 = Release|Any CPU
	EndGlobalSection
	GlobalSection(SolutionProperties) = preSolution
		HideSolutionNode = FALSE
	EndGlobalSection
EndGlobal
